
Microsoft Visual Studio Solution File, Format Version 12.00
# Visual Studio 15
VisualStudioVersion = 15.0.28307.421
MinimumVisualStudioVersion = 10.0.40219.1
Project("{FAE04EC0-301F-11D3-BF4B-00C04F79EFBC}") = "Turbinagram.Android", "Turbinagram\Turbinagram.Android\Turbinagram.Android.csproj", "{375F0699-C156-4160-A43C-5250E5C18ECF}"
EndProject
Project("{FAE04EC0-301F-11D3-BF4B-00C04F79EFBC}") = "Turbinagram.iOS", "Turbinagram\Turbinagram.iOS\Turbinagram.iOS.csproj", "{33E8FE32-1EA2-412B-9CBF-A0B9F4E869D7}"
EndProject
Project("{FAE04EC0-301F-11D3-BF4B-00C04F79EFBC}") = "Turbinagram.UWP", "Turbinagram\Turbinagram.UWP\Turbinagram.UWP.csproj", "{D3708D85-1BA4-4E24-A47A-80279C96708B}"
EndProject
Project("{FAE04EC0-301F-11D3-BF4B-00C04F79EFBC}") = "Turbinagram", "Turbinagram\Turbinagram\Turbinagram.csproj", "{27762D03-C15C-4F16-9C2D-9924CCA54B68}"
EndProject
Global
	GlobalSection(SolutionConfigurationPlatforms) = preSolution
		Ad-Hoc|Any CPU = Ad-Hoc|Any CPU
		Ad-Hoc|ARM = Ad-Hoc|ARM
		Ad-Hoc|iPhone = Ad-Hoc|iPhone
		Ad-Hoc|iPhoneSimulator = Ad-Hoc|iPhoneSimulator
		Ad-Hoc|x64 = Ad-Hoc|x64
		Ad-Hoc|x86 = Ad-Hoc|x86
		AppStore|Any CPU = AppStore|Any CPU
		AppStore|ARM = AppStore|ARM
		AppStore|iPhone = AppStore|iPhone
		AppStore|iPhoneSimulator = AppStore|iPhoneSimulator
		AppStore|x64 = AppStore|x64
		AppStore|x86 = AppStore|x86
		Debug|Any CPU = Debug|Any CPU
		Debug|ARM = Debug|ARM
		Debug|iPhone = Debug|iPhone
		Debug|iPhoneSimulator = Debug|iPhoneSimulator
		Debug|x64 = Debug|x64
		Debug|x86 = Debug|x86
		Release|Any CPU = Release|Any CPU
		Release|ARM = Release|ARM
		Release|iPhone = Release|iPhone
		Release|iPhoneSimulator = Release|iPhoneSimulator
		Release|x64 = Release|x64
		Release|x86 = Release|x86
	EndGlobalSection
	GlobalSection(ProjectConfigurationPlatforms) = postSolution
		{375F0699-C156-4160-A43C-5250E5C18ECF}.Ad-Hoc|Any CPU.ActiveCfg = Release|Any CPU
		{375F0699-C156-4160-A43C-5250E5C18ECF}.Ad-Hoc|Any CPU.Build.0 = Release|Any CPU
		{375F0699-C156-4160-A43C-5250E5C18ECF}.Ad-Hoc|Any CPU.Deploy.0 = Release|Any CPU
		{375F0699-C156-4160-A43C-5250E5C18ECF}.Ad-Hoc|ARM.ActiveCfg = Release|Any CPU
		{375F0699-C156-4160-A43C-5250E5C18ECF}.Ad-Hoc|ARM.Build.0 = Release|Any CPU
		{375F0699-C156-4160-A43C-5250E5C18ECF}.Ad-Hoc|ARM.Deploy.0 = Release|Any CPU
		{375F0699-C156-4160-A43C-5250E5C18ECF}.Ad-Hoc|iPhone.ActiveCfg = Release|Any CPU
		{375F0699-C156-4160-A43C-5250E5C18ECF}.Ad-Hoc|iPhone.Build.0 = Release|Any CPU
		{375F0699-C156-4160-A43C-5250E5C18ECF}.Ad-Hoc|iPhone.Deploy.0 = Release|Any CPU
		{375F0699-C156-4160-A43C-5250E5C18ECF}.Ad-Hoc|iPhoneSimulator.ActiveCfg = Release|Any CPU
		{375F0699-C156-4160-A43C-5250E5C18ECF}.Ad-Hoc|iPhoneSimulator.Build.0 = Release|Any CPU
		{375F0699-C156-4160-A43C-5250E5C18ECF}.Ad-Hoc|iPhoneSimulator.Deploy.0 = Release|Any CPU
		{375F0699-C156-4160-A43C-5250E5C18ECF}.Ad-Hoc|x64.ActiveCfg = Release|Any CPU
		{375F0699-C156-4160-A43C-5250E5C18ECF}.Ad-Hoc|x64.Build.0 = Release|Any CPU
		{375F0699-C156-4160-A43C-5250E5C18ECF}.Ad-Hoc|x64.Deploy.0 = Release|Any CPU
		{375F0699-C156-4160-A43C-5250E5C18ECF}.Ad-Hoc|x86.ActiveCfg = Release|Any CPU
		{375F0699-C156-4160-A43C-5250E5C18ECF}.Ad-Hoc|x86.Build.0 = Release|Any CPU
		{375F0699-C156-4160-A43C-5250E5C18ECF}.Ad-Hoc|x86.Deploy.0 = Release|Any CPU
		{375F0699-C156-4160-A43C-5250E5C18ECF}.AppStore|Any CPU.ActiveCfg = Release|Any CPU
		{375F0699-C156-4160-A43C-5250E5C18ECF}.AppStore|Any CPU.Build.0 = Release|Any CPU
		{375F0699-C156-4160-A43C-5250E5C18ECF}.AppStore|Any CPU.Deploy.0 = Release|Any CPU
		{375F0699-C156-4160-A43C-5250E5C18ECF}.AppStore|ARM.ActiveCfg = Release|Any CPU
		{375F0699-C156-4160-A43C-5250E5C18ECF}.AppStore|ARM.Build.0 = Release|Any CPU
		{375F0699-C156-4160-A43C-5250E5C18ECF}.AppStore|ARM.Deploy.0 = Release|Any CPU
		{375F0699-C156-4160-A43C-5250E5C18ECF}.AppStore|iPhone.ActiveCfg = Release|Any CPU
		{375F0699-C156-4160-A43C-5250E5C18ECF}.AppStore|iPhone.Build.0 = Release|Any CPU
		{375F0699-C156-4160-A43C-5250E5C18ECF}.AppStore|iPhone.Deploy.0 = Release|Any CPU
		{375F0699-C156-4160-A43C-5250E5C18ECF}.AppStore|iPhoneSimulator.ActiveCfg = Release|Any CPU
		{375F0699-C156-4160-A43C-5250E5C18ECF}.AppStore|iPhoneSimulator.Build.0 = Release|Any CPU
		{375F0699-C156-4160-A43C-5250E5C18ECF}.AppStore|iPhoneSimulator.Deploy.0 = Release|Any CPU
		{375F0699-C156-4160-A43C-5250E5C18ECF}.AppStore|x64.ActiveCfg = Release|Any CPU
		{375F0699-C156-4160-A43C-5250E5C18ECF}.AppStore|x64.Build.0 = Release|Any CPU
		{375F0699-C156-4160-A43C-5250E5C18ECF}.AppStore|x64.Deploy.0 = Release|Any CPU
		{375F0699-C156-4160-A43C-5250E5C18ECF}.AppStore|x86.ActiveCfg = Release|Any CPU
		{375F0699-C156-4160-A43C-5250E5C18ECF}.AppStore|x86.Build.0 = Release|Any CPU
		{375F0699-C156-4160-A43C-5250E5C18ECF}.AppStore|x86.Deploy.0 = Release|Any CPU
		{375F0699-C156-4160-A43C-5250E5C18ECF}.Debug|Any CPU.ActiveCfg = Debug|Any CPU
		{375F0699-C156-4160-A43C-5250E5C18ECF}.Debug|Any CPU.Build.0 = Debug|Any CPU
		{375F0699-C156-4160-A43C-5250E5C18ECF}.Debug|Any CPU.Deploy.0 = Debug|Any CPU
		{375F0699-C156-4160-A43C-5250E5C18ECF}.Debug|ARM.ActiveCfg = Debug|Any CPU
		{375F0699-C156-4160-A43C-5250E5C18ECF}.Debug|ARM.Build.0 = Debug|Any CPU
		{375F0699-C156-4160-A43C-5250E5C18ECF}.Debug|ARM.Deploy.0 = Debug|Any CPU
		{375F0699-C156-4160-A43C-5250E5C18ECF}.Debug|iPhone.ActiveCfg = Debug|Any CPU
		{375F0699-C156-4160-A43C-5250E5C18ECF}.Debug|iPhone.Build.0 = Debug|Any CPU
		{375F0699-C156-4160-A43C-5250E5C18ECF}.Debug|iPhone.Deploy.0 = Debug|Any CPU
		{375F0699-C156-4160-A43C-5250E5C18ECF}.Debug|iPhoneSimulator.ActiveCfg = Debug|Any CPU
		{375F0699-C156-4160-A43C-5250E5C18ECF}.Debug|iPhoneSimulator.Build.0 = Debug|Any CPU
		{375F0699-C156-4160-A43C-5250E5C18ECF}.Debug|iPhoneSimulator.Deploy.0 = Debug|Any CPU
		{375F0699-C156-4160-A43C-5250E5C18ECF}.Debug|x64.ActiveCfg = Debug|Any CPU
		{375F0699-C156-4160-A43C-5250E5C18ECF}.Debug|x64.Build.0 = Debug|Any CPU
		{375F0699-C156-4160-A43C-5250E5C18ECF}.Debug|x64.Deploy.0 = Debug|Any CPU
		{375F0699-C156-4160-A43C-5250E5C18ECF}.Debug|x86.ActiveCfg = Debug|Any CPU
		{375F0699-C156-4160-A43C-5250E5C18ECF}.Debug|x86.Build.0 = Debug|Any CPU
		{375F0699-C156-4160-A43C-5250E5C18ECF}.Debug|x86.Deploy.0 = Debug|Any CPU
		{375F0699-C156-4160-A43C-5250E5C18ECF}.Release|Any CPU.ActiveCfg = Release|Any CPU
		{375F0699-C156-4160-A43C-5250E5C18ECF}.Release|Any CPU.Build.0 = Release|Any CPU
		{375F0699-C156-4160-A43C-5250E5C18ECF}.Release|Any CPU.Deploy.0 = Release|Any CPU
		{375F0699-C156-4160-A43C-5250E5C18ECF}.Release|ARM.ActiveCfg = Release|Any CPU
		{375F0699-C156-4160-A43C-5250E5C18ECF}.Release|ARM.Build.0 = Release|Any CPU
		{375F0699-C156-4160-A43C-5250E5C18ECF}.Release|ARM.Deploy.0 = Release|Any CPU
		{375F0699-C156-4160-A43C-5250E5C18ECF}.Release|iPhone.ActiveCfg = Release|Any CPU
		{375F0699-C156-4160-A43C-5250E5C18ECF}.Release|iPhone.Build.0 = Release|Any CPU
		{375F0699-C156-4160-A43C-5250E5C18ECF}.Release|iPhone.Deploy.0 = Release|Any CPU
		{375F0699-C156-4160-A43C-5250E5C18ECF}.Release|iPhoneSimulator.ActiveCfg = Release|Any CPU
		{375F0699-C156-4160-A43C-5250E5C18ECF}.Release|iPhoneSimulator.Build.0 = Release|Any CPU
		{375F0699-C156-4160-A43C-5250E5C18ECF}.Release|iPhoneSimulator.Deploy.0 = Release|Any CPU
		{375F0699-C156-4160-A43C-5250E5C18ECF}.Release|x64.ActiveCfg = Release|Any CPU
		{375F0699-C156-4160-A43C-5250E5C18ECF}.Release|x64.Build.0 = Release|Any CPU
		{375F0699-C156-4160-A43C-5250E5C18ECF}.Release|x64.Deploy.0 = Release|Any CPU
		{375F0699-C156-4160-A43C-5250E5C18ECF}.Release|x86.ActiveCfg = Release|Any CPU
		{375F0699-C156-4160-A43C-5250E5C18ECF}.Release|x86.Build.0 = Release|Any CPU
		{375F0699-C156-4160-A43C-5250E5C18ECF}.Release|x86.Deploy.0 = Release|Any CPU
		{33E8FE32-1EA2-412B-9CBF-A0B9F4E869D7}.Ad-Hoc|Any CPU.ActiveCfg = Ad-Hoc|iPhone
		{33E8FE32-1EA2-412B-9CBF-A0B9F4E869D7}.Ad-Hoc|Any CPU.Build.0 = Ad-Hoc|iPhone
		{33E8FE32-1EA2-412B-9CBF-A0B9F4E869D7}.Ad-Hoc|Any CPU.Deploy.0 = Ad-Hoc|iPhone
		{33E8FE32-1EA2-412B-9CBF-A0B9F4E869D7}.Ad-Hoc|ARM.ActiveCfg = Ad-Hoc|iPhone
		{33E8FE32-1EA2-412B-9CBF-A0B9F4E869D7}.Ad-Hoc|ARM.Build.0 = Ad-Hoc|iPhone
		{33E8FE32-1EA2-412B-9CBF-A0B9F4E869D7}.Ad-Hoc|ARM.Deploy.0 = Ad-Hoc|iPhone
		{33E8FE32-1EA2-412B-9CBF-A0B9F4E869D7}.Ad-Hoc|iPhone.ActiveCfg = Ad-Hoc|iPhone
		{33E8FE32-1EA2-412B-9CBF-A0B9F4E869D7}.Ad-Hoc|iPhone.Build.0 = Ad-Hoc|iPhone
		{33E8FE32-1EA2-412B-9CBF-A0B9F4E869D7}.Ad-Hoc|iPhone.Deploy.0 = Ad-Hoc|iPhone
		{33E8FE32-1EA2-412B-9CBF-A0B9F4E869D7}.Ad-Hoc|iPhoneSimulator.ActiveCfg = Ad-Hoc|iPhoneSimulator
		{33E8FE32-1EA2-412B-9CBF-A0B9F4E869D7}.Ad-Hoc|iPhoneSimulator.Build.0 = Ad-Hoc|iPhoneSimulator
		{33E8FE32-1EA2-412B-9CBF-A0B9F4E869D7}.Ad-Hoc|iPhoneSimulator.Deploy.0 = Ad-Hoc|iPhoneSimulator
		{33E8FE32-1EA2-412B-9CBF-A0B9F4E869D7}.Ad-Hoc|x64.ActiveCfg = Ad-Hoc|iPhone
		{33E8FE32-1EA2-412B-9CBF-A0B9F4E869D7}.Ad-Hoc|x64.Build.0 = Ad-Hoc|iPhone
		{33E8FE32-1EA2-412B-9CBF-A0B9F4E869D7}.Ad-Hoc|x64.Deploy.0 = Ad-Hoc|iPhone
		{33E8FE32-1EA2-412B-9CBF-A0B9F4E869D7}.Ad-Hoc|x86.ActiveCfg = Ad-Hoc|iPhone
		{33E8FE32-1EA2-412B-9CBF-A0B9F4E869D7}.Ad-Hoc|x86.Build.0 = Ad-Hoc|iPhone
		{33E8FE32-1EA2-412B-9CBF-A0B9F4E869D7}.Ad-Hoc|x86.Deploy.0 = Ad-Hoc|iPhone
		{33E8FE32-1EA2-412B-9CBF-A0B9F4E869D7}.AppStore|Any CPU.ActiveCfg = AppStore|iPhone
		{33E8FE32-1EA2-412B-9CBF-A0B9F4E869D7}.AppStore|Any CPU.Build.0 = AppStore|iPhone
		{33E8FE32-1EA2-412B-9CBF-A0B9F4E869D7}.AppStore|Any CPU.Deploy.0 = AppStore|iPhone
		{33E8FE32-1EA2-412B-9CBF-A0B9F4E869D7}.AppStore|ARM.ActiveCfg = AppStore|iPhone
		{33E8FE32-1EA2-412B-9CBF-A0B9F4E869D7}.AppStore|ARM.Build.0 = AppStore|iPhone
		{33E8FE32-1EA2-412B-9CBF-A0B9F4E869D7}.AppStore|ARM.Deploy.0 = AppStore|iPhone
		{33E8FE32-1EA2-412B-9CBF-A0B9F4E869D7}.AppStore|iPhone.ActiveCfg = AppStore|iPhone
		{33E8FE32-1EA2-412B-9CBF-A0B9F4E869D7}.AppStore|iPhone.Build.0 = AppStore|iPhone
		{33E8FE32-1EA2-412B-9CBF-A0B9F4E869D7}.AppStore|iPhone.Deploy.0 = AppStore|iPhone
		{33E8FE32-1EA2-412B-9CBF-A0B9F4E869D7}.AppStore|iPhoneSimulator.ActiveCfg = AppStore|iPhoneSimulator
		{33E8FE32-1EA2-412B-9CBF-A0B9F4E869D7}.AppStore|iPhoneSimulator.Build.0 = AppStore|iPhoneSimulator
		{33E8FE32-1EA2-412B-9CBF-A0B9F4E869D7}.AppStore|iPhoneSimulator.Deploy.0 = AppStore|iPhoneSimulator
		{33E8FE32-1EA2-412B-9CBF-A0B9F4E869D7}.AppStore|x64.ActiveCfg = AppStore|iPhone
		{33E8FE32-1EA2-412B-9CBF-A0B9F4E869D7}.AppStore|x64.Build.0 = AppStore|iPhone
		{33E8FE32-1EA2-412B-9CBF-A0B9F4E869D7}.AppStore|x64.Deploy.0 = AppStore|iPhone
		{33E8FE32-1EA2-412B-9CBF-A0B9F4E869D7}.AppStore|x86.ActiveCfg = AppStore|iPhone
		{33E8FE32-1EA2-412B-9CBF-A0B9F4E869D7}.AppStore|x86.Build.0 = AppStore|iPhone
		{33E8FE32-1EA2-412B-9CBF-A0B9F4E869D7}.AppStore|x86.Deploy.0 = AppStore|iPhone
		{33E8FE32-1EA2-412B-9CBF-A0B9F4E869D7}.Debug|Any CPU.ActiveCfg = Debug|iPhoneSimulator
		{33E8FE32-1EA2-412B-9CBF-A0B9F4E869D7}.Debug|Any CPU.Build.0 = Debug|iPhoneSimulator
		{33E8FE32-1EA2-412B-9CBF-A0B9F4E869D7}.Debug|Any CPU.Deploy.0 = Debug|iPhoneSimulator
		{33E8FE32-1EA2-412B-9CBF-A0B9F4E869D7}.Debug|ARM.ActiveCfg = Debug|iPhone
		{33E8FE32-1EA2-412B-9CBF-A0B9F4E869D7}.Debug|ARM.Build.0 = Debug|iPhone
		{33E8FE32-1EA2-412B-9CBF-A0B9F4E869D7}.Debug|ARM.Deploy.0 = Debug|iPhone
		{33E8FE32-1EA2-412B-9CBF-A0B9F4E869D7}.Debug|iPhone.ActiveCfg = Debug|iPhone
		{33E8FE32-1EA2-412B-9CBF-A0B9F4E869D7}.Debug|iPhone.Build.0 = Debug|iPhone
		{33E8FE32-1EA2-412B-9CBF-A0B9F4E869D7}.Debug|iPhone.Deploy.0 = Debug|iPhone
		{33E8FE32-1EA2-412B-9CBF-A0B9F4E869D7}.Debug|iPhoneSimulator.ActiveCfg = Debug|iPhoneSimulator
		{33E8FE32-1EA2-412B-9CBF-A0B9F4E869D7}.Debug|iPhoneSimulator.Build.0 = Debug|iPhoneSimulator
		{33E8FE32-1EA2-412B-9CBF-A0B9F4E869D7}.Debug|iPhoneSimulator.Deploy.0 = Debug|iPhoneSimulator
		{33E8FE32-1EA2-412B-9CBF-A0B9F4E869D7}.Debug|x64.ActiveCfg = Debug|iPhone
		{33E8FE32-1EA2-412B-9CBF-A0B9F4E869D7}.Debug|x64.Build.0 = Debug|iPhone
		{33E8FE32-1EA2-412B-9CBF-A0B9F4E869D7}.Debug|x64.Deploy.0 = Debug|iPhone
		{33E8FE32-1EA2-412B-9CBF-A0B9F4E869D7}.Debug|x86.ActiveCfg = Debug|iPhone
		{33E8FE32-1EA2-412B-9CBF-A0B9F4E869D7}.Debug|x86.Build.0 = Debug|iPhone
		{33E8FE32-1EA2-412B-9CBF-A0B9F4E869D7}.Debug|x86.Deploy.0 = Debug|iPhone
		{33E8FE32-1EA2-412B-9CBF-A0B9F4E869D7}.Release|Any CPU.ActiveCfg = Release|iPhone
		{33E8FE32-1EA2-412B-9CBF-A0B9F4E869D7}.Release|Any CPU.Build.0 = Release|iPhone
		{33E8FE32-1EA2-412B-9CBF-A0B9F4E869D7}.Release|Any CPU.Deploy.0 = Release|iPhone
		{33E8FE32-1EA2-412B-9CBF-A0B9F4E869D7}.Release|ARM.ActiveCfg = Release|iPhone
		{33E8FE32-1EA2-412B-9CBF-A0B9F4E869D7}.Release|ARM.Build.0 = Release|iPhone
		{33E8FE32-1EA2-412B-9CBF-A0B9F4E869D7}.Release|ARM.Deploy.0 = Release|iPhone
		{33E8FE32-1EA2-412B-9CBF-A0B9F4E869D7}.Release|iPhone.ActiveCfg = Release|iPhone
		{33E8FE32-1EA2-412B-9CBF-A0B9F4E869D7}.Release|iPhone.Build.0 = Release|iPhone
		{33E8FE32-1EA2-412B-9CBF-A0B9F4E869D7}.Release|iPhone.Deploy.0 = Release|iPhone
		{33E8FE32-1EA2-412B-9CBF-A0B9F4E869D7}.Release|iPhoneSimulator.ActiveCfg = Release|iPhoneSimulator
		{33E8FE32-1EA2-412B-9CBF-A0B9F4E869D7}.Release|iPhoneSimulator.Build.0 = Release|iPhoneSimulator
		{33E8FE32-1EA2-412B-9CBF-A0B9F4E869D7}.Release|iPhoneSimulator.Deploy.0 = Release|iPhoneSimulator
		{33E8FE32-1EA2-412B-9CBF-A0B9F4E869D7}.Release|x64.ActiveCfg = Release|iPhone
		{33E8FE32-1EA2-412B-9CBF-A0B9F4E869D7}.Release|x64.Build.0 = Release|iPhone
		{33E8FE32-1EA2-412B-9CBF-A0B9F4E869D7}.Release|x64.Deploy.0 = Release|iPhone
		{33E8FE32-1EA2-412B-9CBF-A0B9F4E869D7}.Release|x86.ActiveCfg = Release|iPhone
		{33E8FE32-1EA2-412B-9CBF-A0B9F4E869D7}.Release|x86.Build.0 = Release|iPhone
		{33E8FE32-1EA2-412B-9CBF-A0B9F4E869D7}.Release|x86.Deploy.0 = Release|iPhone
		{D3708D85-1BA4-4E24-A47A-80279C96708B}.Ad-Hoc|Any CPU.ActiveCfg = Release|x86
		{D3708D85-1BA4-4E24-A47A-80279C96708B}.Ad-Hoc|Any CPU.Build.0 = Release|x86
		{D3708D85-1BA4-4E24-A47A-80279C96708B}.Ad-Hoc|Any CPU.Deploy.0 = Release|x86
		{D3708D85-1BA4-4E24-A47A-80279C96708B}.Ad-Hoc|ARM.ActiveCfg = Release|ARM
		{D3708D85-1BA4-4E24-A47A-80279C96708B}.Ad-Hoc|ARM.Build.0 = Release|ARM
		{D3708D85-1BA4-4E24-A47A-80279C96708B}.Ad-Hoc|ARM.Deploy.0 = Release|ARM
		{D3708D85-1BA4-4E24-A47A-80279C96708B}.Ad-Hoc|iPhone.ActiveCfg = Release|x86
		{D3708D85-1BA4-4E24-A47A-80279C96708B}.Ad-Hoc|iPhone.Build.0 = Release|x86
		{D3708D85-1BA4-4E24-A47A-80279C96708B}.Ad-Hoc|iPhone.Deploy.0 = Release|x86
		{D3708D85-1BA4-4E24-A47A-80279C96708B}.Ad-Hoc|iPhoneSimulator.ActiveCfg = Release|x86
		{D3708D85-1BA4-4E24-A47A-80279C96708B}.Ad-Hoc|iPhoneSimulator.Build.0 = Release|x86
		{D3708D85-1BA4-4E24-A47A-80279C96708B}.Ad-Hoc|iPhoneSimulator.Deploy.0 = Release|x86
		{D3708D85-1BA4-4E24-A47A-80279C96708B}.Ad-Hoc|x64.ActiveCfg = Release|x64
		{D3708D85-1BA4-4E24-A47A-80279C96708B}.Ad-Hoc|x64.Build.0 = Release|x64
		{D3708D85-1BA4-4E24-A47A-80279C96708B}.Ad-Hoc|x64.Deploy.0 = Release|x64
		{D3708D85-1BA4-4E24-A47A-80279C96708B}.Ad-Hoc|x86.ActiveCfg = Release|x86
		{D3708D85-1BA4-4E24-A47A-80279C96708B}.Ad-Hoc|x86.Build.0 = Release|x86
		{D3708D85-1BA4-4E24-A47A-80279C96708B}.Ad-Hoc|x86.Deploy.0 = Release|x86
		{D3708D85-1BA4-4E24-A47A-80279C96708B}.AppStore|Any CPU.ActiveCfg = Release|x86
		{D3708D85-1BA4-4E24-A47A-80279C96708B}.AppStore|Any CPU.Build.0 = Release|x86
		{D3708D85-1BA4-4E24-A47A-80279C96708B}.AppStore|Any CPU.Deploy.0 = Release|x86
		{D3708D85-1BA4-4E24-A47A-80279C96708B}.AppStore|ARM.ActiveCfg = Release|ARM
		{D3708D85-1BA4-4E24-A47A-80279C96708B}.AppStore|ARM.Build.0 = Release|ARM
		{D3708D85-1BA4-4E24-A47A-80279C96708B}.AppStore|ARM.Deploy.0 = Release|ARM
		{D3708D85-1BA4-4E24-A47A-80279C96708B}.AppStore|iPhone.ActiveCfg = Release|x86
		{D3708D85-1BA4-4E24-A47A-80279C96708B}.AppStore|iPhone.Build.0 = Release|x86
		{D3708D85-1BA4-4E24-A47A-80279C96708B}.AppStore|iPhone.Deploy.0 = Release|x86
		{D3708D85-1BA4-4E24-A47A-80279C96708B}.AppStore|iPhoneSimulator.ActiveCfg = Release|x86
		{D3708D85-1BA4-4E24-A47A-80279C96708B}.AppStore|iPhoneSimulator.Build.0 = Release|x86
		{D3708D85-1BA4-4E24-A47A-80279C96708B}.AppStore|iPhoneSimulator.Deploy.0 = Release|x86
		{D3708D85-1BA4-4E24-A47A-80279C96708B}.AppStore|x64.ActiveCfg = Release|x64
		{D3708D85-1BA4-4E24-A47A-80279C96708B}.AppStore|x64.Build.0 = Release|x64
		{D3708D85-1BA4-4E24-A47A-80279C96708B}.AppStore|x64.Deploy.0 = Release|x64
		{D3708D85-1BA4-4E24-A47A-80279C96708B}.AppStore|x86.ActiveCfg = Release|x86
		{D3708D85-1BA4-4E24-A47A-80279C96708B}.AppStore|x86.Build.0 = Release|x86
		{D3708D85-1BA4-4E24-A47A-80279C96708B}.AppStore|x86.Deploy.0 = Release|x86
		{D3708D85-1BA4-4E24-A47A-80279C96708B}.Debug|Any CPU.ActiveCfg = Debug|x86
		{D3708D85-1BA4-4E24-A47A-80279C96708B}.Debug|Any CPU.Build.0 = Debug|x86
		{D3708D85-1BA4-4E24-A47A-80279C96708B}.Debug|Any CPU.Deploy.0 = Debug|x86
		{D3708D85-1BA4-4E24-A47A-80279C96708B}.Debug|ARM.ActiveCfg = Debug|ARM
		{D3708D85-1BA4-4E24-A47A-80279C96708B}.Debug|ARM.Build.0 = Debug|ARM
		{D3708D85-1BA4-4E24-A47A-80279C96708B}.Debug|ARM.Deploy.0 = Debug|ARM
		{D3708D85-1BA4-4E24-A47A-80279C96708B}.Debug|iPhone.ActiveCfg = Debug|x86
		{D3708D85-1BA4-4E24-A47A-80279C96708B}.Debug|iPhone.Build.0 = Debug|x86
		{D3708D85-1BA4-4E24-A47A-80279C96708B}.Debug|iPhone.Deploy.0 = Debug|x86
		{D3708D85-1BA4-4E24-A47A-80279C96708B}.Debug|iPhoneSimulator.ActiveCfg = Debug|x86
		{D3708D85-1BA4-4E24-A47A-80279C96708B}.Debug|iPhoneSimulator.Build.0 = Debug|x86
		{D3708D85-1BA4-4E24-A47A-80279C96708B}.Debug|iPhoneSimulator.Deploy.0 = Debug|x86
		{D3708D85-1BA4-4E24-A47A-80279C96708B}.Debug|x64.ActiveCfg = Debug|x64
		{D3708D85-1BA4-4E24-A47A-80279C96708B}.Debug|x64.Build.0 = Debug|x64
		{D3708D85-1BA4-4E24-A47A-80279C96708B}.Debug|x64.Deploy.0 = Debug|x64
		{D3708D85-1BA4-4E24-A47A-80279C96708B}.Debug|x86.ActiveCfg = Debug|x86
		{D3708D85-1BA4-4E24-A47A-80279C96708B}.Debug|x86.Build.0 = Debug|x86
		{D3708D85-1BA4-4E24-A47A-80279C96708B}.Debug|x86.Deploy.0 = Debug|x86
		{D3708D85-1BA4-4E24-A47A-80279C96708B}.Release|Any CPU.ActiveCfg = Release|x86
		{D3708D85-1BA4-4E24-A47A-80279C96708B}.Release|Any CPU.Build.0 = Release|x86
		{D3708D85-1BA4-4E24-A47A-80279C96708B}.Release|Any CPU.Deploy.0 = Release|x86
		{D3708D85-1BA4-4E24-A47A-80279C96708B}.Release|ARM.ActiveCfg = Release|ARM
		{D3708D85-1BA4-4E24-A47A-80279C96708B}.Release|ARM.Build.0 = Release|ARM
		{D3708D85-1BA4-4E24-A47A-80279C96708B}.Release|ARM.Deploy.0 = Release|ARM
		{D3708D85-1BA4-4E24-A47A-80279C96708B}.Release|iPhone.ActiveCfg = Release|x86
		{D3708D85-1BA4-4E24-A47A-80279C96708B}.Release|iPhone.Build.0 = Release|x86
		{D3708D85-1BA4-4E24-A47A-80279C96708B}.Release|iPhone.Deploy.0 = Release|x86
		{D3708D85-1BA4-4E24-A47A-80279C96708B}.Release|iPhoneSimulator.ActiveCfg = Release|x86
		{D3708D85-1BA4-4E24-A47A-80279C96708B}.Release|iPhoneSimulator.Build.0 = Release|x86
		{D3708D85-1BA4-4E24-A47A-80279C96708B}.Release|iPhoneSimulator.Deploy.0 = Release|x86
		{D3708D85-1BA4-4E24-A47A-80279C96708B}.Release|x64.ActiveCfg = Release|x64
		{D3708D85-1BA4-4E24-A47A-80279C96708B}.Release|x64.Build.0 = Release|x64
		{D3708D85-1BA4-4E24-A47A-80279C96708B}.Release|x64.Deploy.0 = Release|x64
		{D3708D85-1BA4-4E24-A47A-80279C96708B}.Release|x86.ActiveCfg = Release|x86
		{D3708D85-1BA4-4E24-A47A-80279C96708B}.Release|x86.Build.0 = Release|x86
		{D3708D85-1BA4-4E24-A47A-80279C96708B}.Release|x86.Deploy.0 = Release|x86
		{27762D03-C15C-4F16-9C2D-9924CCA54B68}.Ad-Hoc|Any CPU.ActiveCfg = Debug|Any CPU
		{27762D03-C15C-4F16-9C2D-9924CCA54B68}.Ad-Hoc|Any CPU.Build.0 = Debug|Any CPU
		{27762D03-C15C-4F16-9C2D-9924CCA54B68}.Ad-Hoc|Any CPU.Deploy.0 = Debug|Any CPU
		{27762D03-C15C-4F16-9C2D-9924CCA54B68}.Ad-Hoc|ARM.ActiveCfg = Debug|Any CPU
		{27762D03-C15C-4F16-9C2D-9924CCA54B68}.Ad-Hoc|ARM.Build.0 = Debug|Any CPU
		{27762D03-C15C-4F16-9C2D-9924CCA54B68}.Ad-Hoc|ARM.Deploy.0 = Debug|Any CPU
		{27762D03-C15C-4F16-9C2D-9924CCA54B68}.Ad-Hoc|iPhone.ActiveCfg = Debug|Any CPU
		{27762D03-C15C-4F16-9C2D-9924CCA54B68}.Ad-Hoc|iPhone.Build.0 = Debug|Any CPU
		{27762D03-C15C-4F16-9C2D-9924CCA54B68}.Ad-Hoc|iPhone.Deploy.0 = Debug|Any CPU
		{27762D03-C15C-4F16-9C2D-9924CCA54B68}.Ad-Hoc|iPhoneSimulator.ActiveCfg = Debug|Any CPU
		{27762D03-C15C-4F16-9C2D-9924CCA54B68}.Ad-Hoc|iPhoneSimulator.Build.0 = Debug|Any CPU
		{27762D03-C15C-4F16-9C2D-9924CCA54B68}.Ad-Hoc|iPhoneSimulator.Deploy.0 = Debug|Any CPU
		{27762D03-C15C-4F16-9C2D-9924CCA54B68}.Ad-Hoc|x64.ActiveCfg = Debug|Any CPU
		{27762D03-C15C-4F16-9C2D-9924CCA54B68}.Ad-Hoc|x64.Build.0 = Debug|Any CPU
		{27762D03-C15C-4F16-9C2D-9924CCA54B68}.Ad-Hoc|x64.Deploy.0 = Debug|Any CPU
		{27762D03-C15C-4F16-9C2D-9924CCA54B68}.Ad-Hoc|x86.ActiveCfg = Debug|Any CPU
		{27762D03-C15C-4F16-9C2D-9924CCA54B68}.Ad-Hoc|x86.Build.0 = Debug|Any CPU
		{27762D03-C15C-4F16-9C2D-9924CCA54B68}.Ad-Hoc|x86.Deploy.0 = Debug|Any CPU
		{27762D03-C15C-4F16-9C2D-9924CCA54B68}.AppStore|Any CPU.ActiveCfg = Debug|Any CPU
		{27762D03-C15C-4F16-9C2D-9924CCA54B68}.AppStore|Any CPU.Build.0 = Debug|Any CPU
		{27762D03-C15C-4F16-9C2D-9924CCA54B68}.AppStore|Any CPU.Deploy.0 = Debug|Any CPU
		{27762D03-C15C-4F16-9C2D-9924CCA54B68}.AppStore|ARM.ActiveCfg = Debug|Any CPU
		{27762D03-C15C-4F16-9C2D-9924CCA54B68}.AppStore|ARM.Build.0 = Debug|Any CPU
		{27762D03-C15C-4F16-9C2D-9924CCA54B68}.AppStore|ARM.Deploy.0 = Debug|Any CPU
		{27762D03-C15C-4F16-9C2D-9924CCA54B68}.AppStore|iPhone.ActiveCfg = Debug|Any CPU
		{27762D03-C15C-4F16-9C2D-9924CCA54B68}.AppStore|iPhone.Build.0 = Debug|Any CPU
		{27762D03-C15C-4F16-9C2D-9924CCA54B68}.AppStore|iPhone.Deploy.0 = Debug|Any CPU
		{27762D03-C15C-4F16-9C2D-9924CCA54B68}.AppStore|iPhoneSimulator.ActiveCfg = Debug|Any CPU
		{27762D03-C15C-4F16-9C2D-9924CCA54B68}.AppStore|iPhoneSimulator.Build.0 = Debug|Any CPU
		{27762D03-C15C-4F16-9C2D-9924CCA54B68}.AppStore|iPhoneSimulator.Deploy.0 = Debug|Any CPU
		{27762D03-C15C-4F16-9C2D-9924CCA54B68}.AppStore|x64.ActiveCfg = Debug|Any CPU
		{27762D03-C15C-4F16-9C2D-9924CCA54B68}.AppStore|x64.Build.0 = Debug|Any CPU
		{27762D03-C15C-4F16-9C2D-9924CCA54B68}.AppStore|x64.Deploy.0 = Debug|Any CPU
		{27762D03-C15C-4F16-9C2D-9924CCA54B68}.AppStore|x86.ActiveCfg = Debug|Any CPU
		{27762D03-C15C-4F16-9C2D-9924CCA54B68}.AppStore|x86.Build.0 = Debug|Any CPU
		{27762D03-C15C-4F16-9C2D-9924CCA54B68}.AppStore|x86.Deploy.0 = Debug|Any CPU
		{27762D03-C15C-4F16-9C2D-9924CCA54B68}.Debug|Any CPU.ActiveCfg = Debug|Any CPU
		{27762D03-C15C-4F16-9C2D-9924CCA54B68}.Debug|Any CPU.Build.0 = Debug|Any CPU
		{27762D03-C15C-4F16-9C2D-9924CCA54B68}.Debug|Any CPU.Deploy.0 = Debug|Any CPU
		{27762D03-C15C-4F16-9C2D-9924CCA54B68}.Debug|ARM.ActiveCfg = Debug|Any CPU
		{27762D03-C15C-4F16-9C2D-9924CCA54B68}.Debug|ARM.Build.0 = Debug|Any CPU
		{27762D03-C15C-4F16-9C2D-9924CCA54B68}.Debug|ARM.Deploy.0 = Debug|Any CPU
		{27762D03-C15C-4F16-9C2D-9924CCA54B68}.Debug|iPhone.ActiveCfg = Debug|Any CPU
		{27762D03-C15C-4F16-9C2D-9924CCA54B68}.Debug|iPhone.Build.0 = Debug|Any CPU
		{27762D03-C15C-4F16-9C2D-9924CCA54B68}.Debug|iPhone.Deploy.0 = Debug|Any CPU
		{27762D03-C15C-4F16-9C2D-9924CCA54B68}.Debug|iPhoneSimulator.ActiveCfg = Debug|Any CPU
		{27762D03-C15C-4F16-9C2D-9924CCA54B68}.Debug|iPhoneSimulator.Build.0 = Debug|Any CPU
		{27762D03-C15C-4F16-9C2D-9924CCA54B68}.Debug|iPhoneSimulator.Deploy.0 = Debug|Any CPU
		{27762D03-C15C-4F16-9C2D-9924CCA54B68}.Debug|x64.ActiveCfg = Debug|Any CPU
		{27762D03-C15C-4F16-9C2D-9924CCA54B68}.Debug|x64.Build.0 = Debug|Any CPU
		{27762D03-C15C-4F16-9C2D-9924CCA54B68}.Debug|x64.Deploy.0 = Debug|Any CPU
		{27762D03-C15C-4F16-9C2D-9924CCA54B68}.Debug|x86.ActiveCfg = Debug|Any CPU
		{27762D03-C15C-4F16-9C2D-9924CCA54B68}.Debug|x86.Build.0 = Debug|Any CPU
		{27762D03-C15C-4F16-9C2D-9924CCA54B68}.Debug|x86.Deploy.0 = Debug|Any CPU
		{27762D03-C15C-4F16-9C2D-9924CCA54B68}.Release|Any CPU.ActiveCfg = Release|Any CPU
		{27762D03-C15C-4F16-9C2D-9924CCA54B68}.Release|Any CPU.Build.0 = Release|Any CPU
		{27762D03-C15C-4F16-9C2D-9924CCA54B68}.Release|Any CPU.Deploy.0 = Release|Any CPU
		{27762D03-C15C-4F16-9C2D-9924CCA54B68}.Release|ARM.ActiveCfg = Release|Any CPU
		{27762D03-C15C-4F16-9C2D-9924CCA54B68}.Release|ARM.Build.0 = Release|Any CPU
		{27762D03-C15C-4F16-9C2D-9924CCA54B68}.Release|ARM.Deploy.0 = Release|Any CPU
		{27762D03-C15C-4F16-9C2D-9924CCA54B68}.Release|iPhone.ActiveCfg = Release|Any CPU
		{27762D03-C15C-4F16-9C2D-9924CCA54B68}.Release|iPhone.Build.0 = Release|Any CPU
		{27762D03-C15C-4F16-9C2D-9924CCA54B68}.Release|iPhone.Deploy.0 = Release|Any CPU
		{27762D03-C15C-4F16-9C2D-9924CCA54B68}.Release|iPhoneSimulator.ActiveCfg = Release|Any CPU
		{27762D03-C15C-4F16-9C2D-9924CCA54B68}.Release|iPhoneSimulator.Build.0 = Release|Any CPU
		{27762D03-C15C-4F16-9C2D-9924CCA54B68}.Release|iPhoneSimulator.Deploy.0 = Release|Any CPU
		{27762D03-C15C-4F16-9C2D-9924CCA54B68}.Release|x64.ActiveCfg = Release|Any CPU
		{27762D03-C15C-4F16-9C2D-9924CCA54B68}.Release|x64.Build.0 = Release|Any CPU
		{27762D03-C15C-4F16-9C2D-9924CCA54B68}.Release|x64.Deploy.0 = Release|Any CPU
		{27762D03-C15C-4F16-9C2D-9924CCA54B68}.Release|x86.ActiveCfg = Release|Any CPU
		{27762D03-C15C-4F16-9C2D-9924CCA54B68}.Release|x86.Build.0 = Release|Any CPU
		{27762D03-C15C-4F16-9C2D-9924CCA54B68}.Release|x86.Deploy.0 = Release|Any CPU
	EndGlobalSection
	GlobalSection(SolutionProperties) = preSolution
		HideSolutionNode = FALSE
	EndGlobalSection
	GlobalSection(ExtensibilityGlobals) = postSolution
		SolutionGuid = {FB9C6EEA-7977-45F2-B6A6-C23F8C2D9926}
	EndGlobalSection
EndGlobal
